{
  "name": "repository_creator",
  "version": "1.0.0",
  "lockfileVersion": 3,
  "requires": true,
  "packages": {
    "": {
      "name": "repository_creator",
      "version": "1.0.0",
      "license": "ISC",
      "dependencies": {
        "repository_cloner": "file:../Repository_Cloner"
      }
    },
    "../Repository_Cloner": {
      "name": "repository_cloner",
      "version": "1.0.0",
      "license": "ISC"
    },
    "node_modules/repository_cloner": {
      "resolved": "../Repository_Cloner",
      "link": true
    }
  }
}
